// !$*UTF8*$!
{
	archiveVersion = 1;
	classes = {
	};
	objectVersion = 56;
	objects = {

/* Begin PBXBuildFile section */
		670A0A7E2AC14FED00E03E0D /* Cappy3dsApp.swift in Sources */ = {isa = PBXBuildFile; fileRef = 670A0A7D2AC14FED00E03E0D /* Cappy3dsApp.swift */; };
		670A0A802AC14FED00E03E0D /* ContentView.swift in Sources */ = {isa = PBXBuildFile; fileRef = 670A0A7F2AC14FED00E03E0D /* ContentView.swift */; };
		670A0A822AC14FEE00E03E0D /* Assets.xcassets in Resources */ = {isa = PBXBuildFile; fileRef = 670A0A812AC14FEE00E03E0D /* Assets.xcassets */; };
		670A0A852AC14FEE00E03E0D /* Preview Assets.xcassets in Resources */ = {isa = PBXBuildFile; fileRef = 670A0A842AC14FEE00E03E0D /* Preview Assets.xcassets */; };
		670A0A902AC14FEE00E03E0D /* Cappy3dsTests.swift in Sources */ = {isa = PBXBuildFile; fileRef = 670A0A8F2AC14FEE00E03E0D /* Cappy3dsTests.swift */; };
		670A0A9A2AC14FEE00E03E0D /* Cappy3dsUITests.swift in Sources */ = {isa = PBXBuildFile; fileRef = 670A0A992AC14FEE00E03E0D /* Cappy3dsUITests.swift */; };
		670A0A9C2AC14FEE00E03E0D /* Cappy3dsUITestsLaunchTests.swift in Sources */ = {isa = PBXBuildFile; fileRef = 670A0A9B2AC14FEE00E03E0D /* Cappy3dsUITestsLaunchTests.swift */; };
		67A0F4582AC22EFB00B072B4 /* libcappy3ds.dylib in Frameworks */ = {isa = PBXBuildFile; fileRef = 67A0F4572AC22EFB00B072B4 /* libcappy3ds.dylib */; };
		67C897D02AD4DF6100F97849 /* libcappy3ds.dylib in CopyFiles */ = {isa = PBXBuildFile; fileRef = 67A0F4572AC22EFB00B072B4 /* libcappy3ds.dylib */; settings = {ATTRIBUTES = (CodeSignOnCopy, ); }; };
/* End PBXBuildFile section */

/* Begin PBXContainerItemProxy section */
		670A0A8C2AC14FEE00E03E0D /* PBXContainerItemProxy */ = {
			isa = PBXContainerItemProxy;
			containerPortal = 670A0A722AC14FED00E03E0D /* Project object */;
			proxyType = 1;
			remoteGlobalIDString = 670A0A792AC14FED00E03E0D;
			remoteInfo = Cappy3d;
		};
		670A0A962AC14FEE00E03E0D /* PBXContainerItemProxy */ = {
			isa = PBXContainerItemProxy;
			containerPortal = 670A0A722AC14FED00E03E0D /* Project object */;
			proxyType = 1;
			remoteGlobalIDString = 670A0A792AC14FED00E03E0D;
			remoteInfo = Cappy3d;
		};
/* End PBXContainerItemProxy section */

/* Begin PBXCopyFilesBuildPhase section */
		670A0AB52AC1564E00E03E0D /* CopyFiles */ = {
			isa = PBXCopyFilesBuildPhase;
			buildActionMask = 2147483647;
			dstPath = "";
			dstSubfolderSpec = 10;
			files = (
				67C897D02AD4DF6100F97849 /* libcappy3ds.dylib in CopyFiles */,
			);
			runOnlyForDeploymentPostprocessing = 0;
		};
/* End PBXCopyFilesBuildPhase section */

/* Begin PBXFileReference section */
		670A0A7A2AC14FED00E03E0D /* Cappy3ds.app */ = {isa = PBXFileReference; explicitFileType = wrapper.application; includeInIndex = 0; path = Cappy3ds.app; sourceTree = BUILT_PRODUCTS_DIR; };
		670A0A7D2AC14FED00E03E0D /* Cappy3dsApp.swift */ = {isa = PBXFileReference; lastKnownFileType = sourcecode.swift; path = Cappy3dsApp.swift; sourceTree = "<group>"; };
		670A0A7F2AC14FED00E03E0D /* ContentView.swift */ = {isa = PBXFileReference; lastKnownFileType = sourcecode.swift; path = ContentView.swift; sourceTree = "<group>"; };
		670A0A812AC14FEE00E03E0D /* Assets.xcassets */ = {isa = PBXFileReference; lastKnownFileType = folder.assetcatalog; path = Assets.xcassets; sourceTree = "<group>"; };
		670A0A842AC14FEE00E03E0D /* Preview Assets.xcassets */ = {isa = PBXFileReference; lastKnownFileType = folder.assetcatalog; path = "Preview Assets.xcassets"; sourceTree = "<group>"; };
		670A0A862AC14FEE00E03E0D /* Cappy3ds.entitlements */ = {isa = PBXFileReference; lastKnownFileType = text.plist.entitlements; path = Cappy3ds.entitlements; sourceTree = "<group>"; };
		670A0A8B2AC14FEE00E03E0D /* Cappy3dsTests.xctest */ = {isa = PBXFileReference; explicitFileType = wrapper.cfbundle; includeInIndex = 0; path = Cappy3dsTests.xctest; sourceTree = BUILT_PRODUCTS_DIR; };
		670A0A8F2AC14FEE00E03E0D /* Cappy3dsTests.swift */ = {isa = PBXFileReference; lastKnownFileType = sourcecode.swift; path = Cappy3dsTests.swift; sourceTree = "<group>"; };
		670A0A952AC14FEE00E03E0D /* Cappy3dsUITests.xctest */ = {isa = PBXFileReference; explicitFileType = wrapper.cfbundle; includeInIndex = 0; path = Cappy3dsUITests.xctest; sourceTree = BUILT_PRODUCTS_DIR; };
		670A0A992AC14FEE00E03E0D /* Cappy3dsUITests.swift */ = {isa = PBXFileReference; lastKnownFileType = sourcecode.swift; path = Cappy3dsUITests.swift; sourceTree = "<group>"; };
		670A0A9B2AC14FEE00E03E0D /* Cappy3dsUITestsLaunchTests.swift */ = {isa = PBXFileReference; lastKnownFileType = sourcecode.swift; path = Cappy3dsUITestsLaunchTests.swift; sourceTree = "<group>"; };
		670A0AAB2AC153D800E03E0D /* Cappy3ds-Bridging-Header.h */ = {isa = PBXFileReference; lastKnownFileType = sourcecode.c.h; path = "Cappy3ds-Bridging-Header.h"; sourceTree = "<group>"; };
		67A0F4502AC156D400B072B4 /* bindings.h */ = {isa = PBXFileReference; lastKnownFileType = sourcecode.c.h; name = bindings.h; path = ../../bindings.h; sourceTree = "<group>"; };
		67A0F4572AC22EFB00B072B4 /* libcappy3ds.dylib */ = {isa = PBXFileReference; lastKnownFileType = "compiled.mach-o.dylib"; path = libcappy3ds.dylib; sourceTree = SOURCE_ROOT; };
/* End PBXFileReference section */

/* Begin PBXFrameworksBuildPhase section */
		670A0A772AC14FED00E03E0D /* Frameworks */ = {
			isa = PBXFrameworksBuildPhase;
			buildActionMask = 2147483647;
			files = (
				67A0F4582AC22EFB00B072B4 /* libcappy3ds.dylib in Frameworks */,
			);
			runOnlyForDeploymentPostprocessing = 0;
		};
		670A0A882AC14FEE00E03E0D /* Frameworks */ = {
			isa = PBXFrameworksBuildPhase;
			buildActionMask = 2147483647;
			files = (
			);
			runOnlyForDeploymentPostprocessing = 0;
		};
		670A0A922AC14FEE00E03E0D /* Frameworks */ = {
			isa = PBXFrameworksBuildPhase;
			buildActionMask = 2147483647;
			files = (
			);
			runOnlyForDeploymentPostprocessing = 0;
		};
/* End PBXFrameworksBuildPhase section */

/* Begin PBXGroup section */
		670A0A712AC14FED00E03E0D = {
			isa = PBXGroup;
			children = (
				670A0A7C2AC14FED00E03E0D /* Cappy3ds */,
				670A0A8E2AC14FEE00E03E0D /* Cappy3dsTests */,
				670A0A982AC14FEE00E03E0D /* Cappy3dsUITests */,
				670A0A7B2AC14FED00E03E0D /* Products */,
			);
			sourceTree = "<group>";
		};
		670A0A7B2AC14FED00E03E0D /* Products */ = {
			isa = PBXGroup;
			children = (
				670A0A7A2AC14FED00E03E0D /* Cappy3ds.app */,
				670A0A8B2AC14FEE00E03E0D /* Cappy3dsTests.xctest */,
				670A0A952AC14FEE00E03E0D /* Cappy3dsUITests.xctest */,
			);
			name = Products;
			sourceTree = "<group>";
		};
		670A0A7C2AC14FED00E03E0D /* Cappy3ds */ = {
			isa = PBXGroup;
			children = (
				67A0F4572AC22EFB00B072B4 /* libcappy3ds.dylib */,
				67A0F4502AC156D400B072B4 /* bindings.h */,
				670A0A7D2AC14FED00E03E0D /* Cappy3dsApp.swift */,
				670A0A7F2AC14FED00E03E0D /* ContentView.swift */,
				670A0A812AC14FEE00E03E0D /* Assets.xcassets */,
				670A0A862AC14FEE00E03E0D /* Cappy3ds.entitlements */,
				670A0A832AC14FEE00E03E0D /* Preview Content */,
				670A0AAB2AC153D800E03E0D /* Cappy3ds-Bridging-Header.h */,
			);
			path = Cappy3ds;
			sourceTree = "<group>";
		};
		670A0A832AC14FEE00E03E0D /* Preview Content */ = {
			isa = PBXGroup;
			children = (
				670A0A842AC14FEE00E03E0D /* Preview Assets.xcassets */,
			);
			path = "Preview Content";
			sourceTree = "<group>";
		};
		670A0A8E2AC14FEE00E03E0D /* Cappy3dsTests */ = {
			isa = PBXGroup;
			children = (
				670A0A8F2AC14FEE00E03E0D /* Cappy3dsTests.swift */,
			);
			path = Cappy3dsTests;
			sourceTree = "<group>";
		};
		670A0A982AC14FEE00E03E0D /* Cappy3dsUITests */ = {
			isa = PBXGroup;
			children = (
				670A0A992AC14FEE00E03E0D /* Cappy3dsUITests.swift */,
				670A0A9B2AC14FEE00E03E0D /* Cappy3dsUITestsLaunchTests.swift */,
			);
			path = Cappy3dsUITests;
			sourceTree = "<group>";
		};
/* End PBXGroup section */

/* Begin PBXNativeTarget section */
		670A0A792AC14FED00E03E0D /* Cappy3ds */ = {
			isa = PBXNativeTarget;
			buildConfigurationList = 670A0A9F2AC14FEE00E03E0D /* Build configuration list for PBXNativeTarget "Cappy3ds" */;
			buildPhases = (
				670A0A762AC14FED00E03E0D /* Sources */,
				670A0AB52AC1564E00E03E0D /* CopyFiles */,
				670A0A772AC14FED00E03E0D /* Frameworks */,
				670A0A782AC14FED00E03E0D /* Resources */,
			);
			buildRules = (
			);
			dependencies = (
			);
			name = Cappy3ds;
			productName = Cappy3d;
			productReference = 670A0A7A2AC14FED00E03E0D /* Cappy3ds.app */;
			productType = "com.apple.product-type.application";
		};
		670A0A8A2AC14FEE00E03E0D /* Cappy3dsTests */ = {
			isa = PBXNativeTarget;
			buildConfigurationList = 670A0AA22AC14FEE00E03E0D /* Build configuration list for PBXNativeTarget "Cappy3dsTests" */;
			buildPhases = (
				670A0A872AC14FEE00E03E0D /* Sources */,
				670A0A882AC14FEE00E03E0D /* Frameworks */,
				670A0A892AC14FEE00E03E0D /* Resources */,
			);
			buildRules = (
			);
			dependencies = (
				670A0A8D2AC14FEE00E03E0D /* PBXTargetDependency */,
			);
			name = Cappy3dsTests;
			productName = Cappy3dTests;
			productReference = 670A0A8B2AC14FEE00E03E0D /* Cappy3dsTests.xctest */;
			productType = "com.apple.product-type.bundle.unit-test";
		};
		670A0A942AC14FEE00E03E0D /* Cappy3dsUITests */ = {
			isa = PBXNativeTarget;
			buildConfigurationList = 670A0AA52AC14FEE00E03E0D /* Build configuration list for PBXNativeTarget "Cappy3dsUITests" */;
			buildPhases = (
				670A0A912AC14FEE00E03E0D /* Sources */,
				670A0A922AC14FEE00E03E0D /* Frameworks */,
				670A0A932AC14FEE00E03E0D /* Resources */,
			);
			buildRules = (
			);
			dependencies = (
				670A0A972AC14FEE00E03E0D /* PBXTargetDependency */,
			);
			name = Cappy3dsUITests;
			productName = Cappy3dUITests;
			productReference = 670A0A952AC14FEE00E03E0D /* Cappy3dsUITests.xctest */;
			productType = "com.apple.product-type.bundle.ui-testing";
		};
/* End PBXNativeTarget section */

/* Begin PBXProject section */
		670A0A722AC14FED00E03E0D /* Project object */ = {
			isa = PBXProject;
			attributes = {
				BuildIndependentTargetsInParallel = 1;
				LastSwiftUpdateCheck = 1430;
				LastUpgradeCheck = 1430;
				TargetAttributes = {
					670A0A792AC14FED00E03E0D = {
						CreatedOnToolsVersion = 14.3.1;
						LastSwiftMigration = 1430;
					};
					670A0A8A2AC14FEE00E03E0D = {
						CreatedOnToolsVersion = 14.3.1;
						TestTargetID = 670A0A792AC14FED00E03E0D;
					};
					670A0A942AC14FEE00E03E0D = {
						CreatedOnToolsVersion = 14.3.1;
						TestTargetID = 670A0A792AC14FED00E03E0D;
					};
				};
			};
			buildConfigurationList = 670A0A752AC14FED00E03E0D /* Build configuration list for PBXProject "Cappy3ds" */;
			compatibilityVersion = "Xcode 14.0";
			developmentRegion = en;
			hasScannedForEncodings = 0;
			knownRegions = (
				en,
				Base,
			);
			mainGroup = 670A0A712AC14FED00E03E0D;
			productRefGroup = 670A0A7B2AC14FED00E03E0D /* Products */;
			projectDirPath = "";
			projectRoot = "";
			targets = (
				670A0A792AC14FED00E03E0D /* Cappy3ds */,
				670A0A8A2AC14FEE00E03E0D /* Cappy3dsTests */,
				670A0A942AC14FEE00E03E0D /* Cappy3dsUITests */,
			);
		};
/* End PBXProject section */

/* Begin PBXResourcesBuildPhase section */
		670A0A782AC14FED00E03E0D /* Resources */ = {
			isa = PBXResourcesBuildPhase;
			buildActionMask = 2147483647;
			files = (
				670A0A852AC14FEE00E03E0D /* Preview Assets.xcassets in Resources */,
				670A0A822AC14FEE00E03E0D /* Assets.xcassets in Resources */,
			);
			runOnlyForDeploymentPostprocessing = 0;
		};
		670A0A892AC14FEE00E03E0D /* Resources */ = {
			isa = PBXResourcesBuildPhase;
			buildActionMask = 2147483647;
			files = (
			);
			runOnlyForDeploymentPostprocessing = 0;
		};
		670A0A932AC14FEE00E03E0D /* Resources */ = {
			isa = PBXResourcesBuildPhase;
			buildActionMask = 2147483647;
			files = (
			);
			runOnlyForDeploymentPostprocessing = 0;
		};
/* End PBXResourcesBuildPhase section */

/* Begin PBXSourcesBuildPhase section */
		670A0A762AC14FED00E03E0D /* Sources */ = {
			isa = PBXSourcesBuildPhase;
			buildActionMask = 2147483647;
			files = (
				670A0A802AC14FED00E03E0D /* ContentView.swift in Sources */,
				670A0A7E2AC14FED00E03E0D /* Cappy3dsApp.swift in Sources */,
			);
			runOnlyForDeploymentPostprocessing = 0;
		};
		670A0A872AC14FEE00E03E0D /* Sources */ = {
			isa = PBXSourcesBuildPhase;
			buildActionMask = 2147483647;
			files = (
				670A0A902AC14FEE00E03E0D /* Cappy3dsTests.swift in Sources */,
			);
			runOnlyForDeploymentPostprocessing = 0;
		};
		670A0A912AC14FEE00E03E0D /* Sources */ = {
			isa = PBXSourcesBuildPhase;
			buildActionMask = 2147483647;
			files = (
				670A0A9A2AC14FEE00E03E0D /* Cappy3dsUITests.swift in Sources */,
				670A0A9C2AC14FEE00E03E0D /* Cappy3dsUITestsLaunchTests.swift in Sources */,
			);
			runOnlyForDeploymentPostprocessing = 0;
		};
/* End PBXSourcesBuildPhase section */

/* Begin PBXTargetDependency section */
		670A0A8D2AC14FEE00E03E0D /* PBXTargetDependency */ = {
			isa = PBXTargetDependency;
			target = 670A0A792AC14FED00E03E0D /* Cappy3ds */;
			targetProxy = 670A0A8C2AC14FEE00E03E0D /* PBXContainerItemProxy */;
		};
		670A0A972AC14FEE00E03E0D /* PBXTargetDependency */ = {
			isa = PBXTargetDependency;
			target = 670A0A792AC14FED00E03E0D /* Cappy3ds */;
			targetProxy = 670A0A962AC14FEE00E03E0D /* PBXContainerItemProxy */;
		};
/* End PBXTargetDependency section */

/* Begin XCBuildConfiguration section */
		670A0A9D2AC14FEE00E03E0D /* Debug */ = {
			isa = XCBuildConfiguration;
			buildSettings = {
				ALWAYS_SEARCH_USER_PATHS = NO;
				CLANG_ANALYZER_NONNULL = YES;
				CLANG_ANALYZER_NUMBER_OBJECT_CONVERSION = YES_AGGRESSIVE;
				CLANG_CXX_LANGUAGE_STANDARD = "gnu++20";
				CLANG_ENABLE_MODULES = YES;
				CLANG_ENABLE_OBJC_ARC = YES;
				CLANG_ENABLE_OBJC_WEAK = YES;
				CLANG_WARN_BLOCK_CAPTURE_AUTORELEASING = YES;
				CLANG_WARN_BOOL_CONVERSION = YES;
				CLANG_WARN_COMMA = YES;
				CLANG_WARN_CONSTANT_CONVERSION = YES;
				CLANG_WARN_DEPRECATED_OBJC_IMPLEMENTATIONS = YES;
				CLANG_WARN_DIRECT_OBJC_ISA_USAGE = YES_ERROR;
				CLANG_WARN_DOCUMENTATION_COMMENTS = YES;
				CLANG_WARN_EMPTY_BODY = YES;
				CLANG_WARN_ENUM_CONVERSION = YES;
				CLANG_WARN_INFINITE_RECURSION = YES;
				CLANG_WARN_INT_CONVERSION = YES;
				CLANG_WARN_NON_LITERAL_NULL_CONVERSION = YES;
				CLANG_WARN_OBJC_IMPLICIT_RETAIN_SELF = YES;
				CLANG_WARN_OBJC_LITERAL_CONVERSION = YES;
				CLANG_WARN_OBJC_ROOT_CLASS = YES_ERROR;
				CLANG_WARN_QUOTED_INCLUDE_IN_FRAMEWORK_HEADER = YES;
				CLANG_WARN_RANGE_LOOP_ANALYSIS = YES;
				CLANG_WARN_STRICT_PROTOTYPES = YES;
				CLANG_WARN_SUSPICIOUS_MOVE = YES;
				CLANG_WARN_UNGUARDED_AVAILABILITY = YES_AGGRESSIVE;
				CLANG_WARN_UNREACHABLE_CODE = YES;
				CLANG_WARN__DUPLICATE_METHOD_MATCH = YES;
				COPY_PHASE_STRIP = NO;
				DEBUG_INFORMATION_FORMAT = dwarf;
				ENABLE_STRICT_OBJC_MSGSEND = YES;
				ENABLE_TESTABILITY = YES;
				GCC_C_LANGUAGE_STANDARD = gnu11;
				GCC_DYNAMIC_NO_PIC = NO;
				GCC_NO_COMMON_BLOCKS = YES;
				GCC_OPTIMIZATION_LEVEL = 0;
				GCC_PREPROCESSOR_DEFINITIONS = (
					"DEBUG=1",
					"$(inherited)",
				);
				GCC_WARN_64_TO_32_BIT_CONVERSION = YES;
				GCC_WARN_ABOUT_RETURN_TYPE = YES_ERROR;
				GCC_WARN_UNDECLARED_SELECTOR = YES;
				GCC_WARN_UNINITIALIZED_AUTOS = YES_AGGRESSIVE;
				GCC_WARN_UNUSED_FUNCTION = YES;
				GCC_WARN_UNUSED_VARIABLE = YES;
				MACOSX_DEPLOYMENT_TARGET = 13.3;
				MTL_ENABLE_DEBUG_INFO = INCLUDE_SOURCE;
				MTL_FAST_MATH = YES;
				ONLY_ACTIVE_ARCH = YES;
				SDKROOT = macosx;
				SWIFT_ACTIVE_COMPILATION_CONDITIONS = DEBUG;
				SWIFT_OPTIMIZATION_LEVEL = "-Onone";
			};
			name = Debug;
		};
		670A0A9E2AC14FEE00E03E0D /* Release */ = {
			isa = XCBuildConfiguration;
			buildSettings = {
				ALWAYS_SEARCH_USER_PATHS = NO;
				CLANG_ANALYZER_NONNULL = YES;
				CLANG_ANALYZER_NUMBER_OBJECT_CONVERSION = YES_AGGRESSIVE;
				CLANG_CXX_LANGUAGE_STANDARD = "gnu++20";
				CLANG_ENABLE_MODULES = YES;
				CLANG_ENABLE_OBJC_ARC = YES;
				CLANG_ENABLE_OBJC_WEAK = YES;
				CLANG_WARN_BLOCK_CAPTURE_AUTORELEASING = YES;
				CLANG_WARN_BOOL_CONVERSION = YES;
				CLANG_WARN_COMMA = YES;
				CLANG_WARN_CONSTANT_CONVERSION = YES;
				CLANG_WARN_DEPRECATED_OBJC_IMPLEMENTATIONS = YES;
				CLANG_WARN_DIRECT_OBJC_ISA_USAGE = YES_ERROR;
				CLANG_WARN_DOCUMENTATION_COMMENTS = YES;
				CLANG_WARN_EMPTY_BODY = YES;
				CLANG_WARN_ENUM_CONVERSION = YES;
				CLANG_WARN_INFINITE_RECURSION = YES;
				CLANG_WARN_INT_CONVERSION = YES;
				CLANG_WARN_NON_LITERAL_NULL_CONVERSION = YES;
				CLANG_WARN_OBJC_IMPLICIT_RETAIN_SELF = YES;
				CLANG_WARN_OBJC_LITERAL_CONVERSION = YES;
				CLANG_WARN_OBJC_ROOT_CLASS = YES_ERROR;
				CLANG_WARN_QUOTED_INCLUDE_IN_FRAMEWORK_HEADER = YES;
				CLANG_WARN_RANGE_LOOP_ANALYSIS = YES;
				CLANG_WARN_STRICT_PROTOTYPES = YES;
				CLANG_WARN_SUSPICIOUS_MOVE = YES;
				CLANG_WARN_UNGUARDED_AVAILABILITY = YES_AGGRESSIVE;
				CLANG_WARN_UNREACHABLE_CODE = YES;
				CLANG_WARN__DUPLICATE_METHOD_MATCH = YES;
				COPY_PHASE_STRIP = NO;
				DEBUG_INFORMATION_FORMAT = "dwarf-with-dsym";
				ENABLE_NS_ASSERTIONS = NO;
				ENABLE_STRICT_OBJC_MSGSEND = YES;
				GCC_C_LANGUAGE_STANDARD = gnu11;
				GCC_NO_COMMON_BLOCKS = YES;
				GCC_WARN_64_TO_32_BIT_CONVERSION = YES;
				GCC_WARN_ABOUT_RETURN_TYPE = YES_ERROR;
				GCC_WARN_UNDECLARED_SELECTOR = YES;
				GCC_WARN_UNINITIALIZED_AUTOS = YES_AGGRESSIVE;
				GCC_WARN_UNUSED_FUNCTION = YES;
				GCC_WARN_UNUSED_VARIABLE = YES;
				MACOSX_DEPLOYMENT_TARGET = 13.3;
				MTL_ENABLE_DEBUG_INFO = NO;
				MTL_FAST_MATH = YES;
				SDKROOT = macosx;
				SWIFT_COMPILATION_MODE = wholemodule;
				SWIFT_OPTIMIZATION_LEVEL = "-O";
			};
			name = Release;
		};
		670A0AA02AC14FEE00E03E0D /* Debug */ = {
			isa = XCBuildConfiguration;
			buildSettings = {
				ASSETCATALOG_COMPILER_APPICON_NAME = AppIcon;
				ASSETCATALOG_COMPILER_GLOBAL_ACCENT_COLOR_NAME = AccentColor;
				CLANG_ENABLE_MODULES = YES;
				CODE_SIGN_ENTITLEMENTS = Cappy3ds/Cappy3ds.entitlements;
				CODE_SIGN_STYLE = Automatic;
				COMBINE_HIDPI_IMAGES = YES;
				CURRENT_PROJECT_VERSION = 1;
				DEVELOPMENT_ASSET_PATHS = "\"Cappy3ds/Preview Content\"";
				ENABLE_PREVIEWS = YES;
				GENERATE_INFOPLIST_FILE = YES;
				INFOPLIST_KEY_NSHumanReadableCopyright = "";
				LD_RUNPATH_SEARCH_PATHS = (
					"$(inherited)",
					"@executable_path/../Frameworks",
				);
				LIBRARY_SEARCH_PATHS = (
					"$(inherited)",
					"$(PROJECT_DIR)",
				);
				MARKETING_VERSION = 1.0;
				PRODUCT_BUNDLE_IDENTIFIER = com.recursivepenguin.Cappy3ds;
				PRODUCT_NAME = "$(TARGET_NAME)";
				SWIFT_EMIT_LOC_STRINGS = YES;
				SWIFT_OBJC_BRIDGING_HEADER = "Cappy3ds/Cappy3ds-Bridging-Header.h";
				SWIFT_OPTIMIZATION_LEVEL = "-Onone";
				SWIFT_VERSION = 5.0;
			};
			name = Debug;
		};
		670A0AA12AC14FEE00E03E0D /* Release */ = {
			isa = XCBuildConfiguration;
			buildSettings = {
				ASSETCATALOG_COMPILER_APPICON_NAME = AppIcon;
				ASSETCATALOG_COMPILER_GLOBAL_ACCENT_COLOR_NAME = AccentColor;
				CLANG_ENABLE_MODULES = YES;
				CODE_SIGN_ENTITLEMENTS = Cappy3ds/Cappy3ds.entitlements;
				CODE_SIGN_STYLE = Automatic;
				COMBINE_HIDPI_IMAGES = YES;
				CURRENT_PROJECT_VERSION = 1;
				DEVELOPMENT_ASSET_PATHS = "\"Cappy3ds/Preview Content\"";
				ENABLE_PREVIEWS = YES;
				GENERATE_INFOPLIST_FILE = YES;
				INFOPLIST_KEY_NSHumanReadableCopyright = "";
				LD_RUNPATH_SEARCH_PATHS = (
					"$(inherited)",
					"@executable_path/../Frameworks",
				);
				LIBRARY_SEARCH_PATHS = (
					"$(inherited)",
					"$(PROJECT_DIR)",
				);
				MARKETING_VERSION = 1.0;
				PRODUCT_BUNDLE_IDENTIFIER = com.recursivepenguin.Cappy3ds;
				PRODUCT_NAME = "$(TARGET_NAME)";
				SWIFT_EMIT_LOC_STRINGS = YES;
				SWIFT_OBJC_BRIDGING_HEADER = "Cappy3ds/Cappy3ds-Bridging-Header.h";
				SWIFT_VERSION = 5.0;
			};
			name = Release;
		};
		670A0AA32AC14FEE00E03E0D /* Debug */ = {
			isa = XCBuildConfiguration;
			buildSettings = {
				ALWAYS_EMBED_SWIFT_STANDARD_LIBRARIES = YES;
				BUNDLE_LOADER = "$(TEST_HOST)";
				CODE_SIGN_STYLE = Automatic;
				CURRENT_PROJECT_VERSION = 1;
				GENERATE_INFOPLIST_FILE = YES;
				MACOSX_DEPLOYMENT_TARGET = 13.3;
				MARKETING_VERSION = 1.0;
				PRODUCT_BUNDLE_IDENTIFIER = com.recursivepenguin.Cappy3dsTests;
				PRODUCT_NAME = "$(TARGET_NAME)";
				SWIFT_EMIT_LOC_STRINGS = NO;
				SWIFT_VERSION = 5.0;
				TEST_HOST = "$(BUILT_PRODUCTS_DIR)/Cappy3d.app/$(BUNDLE_EXECUTABLE_FOLDER_PATH)/Cappy3ds";
			};
			name = Debug;
		};
		670A0AA42AC14FEE00E03E0D /* Release */ = {
			isa = XCBuildConfiguration;
			buildSettings = {
				ALWAYS_EMBED_SWIFT_STANDARD_LIBRARIES = YES;
				BUNDLE_LOADER = "$(TEST_HOST)";
				CODE_SIGN_STYLE = Automatic;
				CURRENT_PROJECT_VERSION = 1;
				GENERATE_INFOPLIST_FILE = YES;
				MACOSX_DEPLOYMENT_TARGET = 13.3;
				MARKETING_VERSION = 1.0;
				PRODUCT_BUNDLE_IDENTIFIER = com.recursivepenguin.Cappy3dsTests;
				PRODUCT_NAME = "$(TARGET_NAME)";
				SWIFT_EMIT_LOC_STRINGS = NO;
				SWIFT_VERSION = 5.0;
				TEST_HOST = "$(BUILT_PRODUCTS_DIR)/Cappy3d.app/$(BUNDLE_EXECUTABLE_FOLDER_PATH)/Cappy3ds";
			};
			name = Release;
		};
		670A0AA62AC14FEE00E03E0D /* Debug */ = {
			isa = XCBuildConfiguration;
			buildSettings = {
				ALWAYS_EMBED_SWIFT_STANDARD_LIBRARIES = YES;
				CODE_SIGN_STYLE = Automatic;
				CURRENT_PROJECT_VERSION = 1;
				GENERATE_INFOPLIST_FILE = YES;
				MARKETING_VERSION = 1.0;
				PRODUCT_BUNDLE_IDENTIFIER = com.recursivepenguin.Cappy3dsUITests;
				PRODUCT_NAME = "$(TARGET_NAME)";
				SWIFT_EMIT_LOC_STRINGS = NO;
				SWIFT_VERSION = 5.0;
				TEST_TARGET_NAME = Cappy3ds;
			};
			name = Debug;
		};
		670A0AA72AC14FEE00E03E0D /* Release */ = {
			isa = XCBuildConfiguration;
			buildSettings = {
				ALWAYS_EMBED_SWIFT_STANDARD_LIBRARIES = YES;
				CODE_SIGN_STYLE = Automatic;
				CURRENT_PROJECT_VERSION = 1;
				GENERATE_INFOPLIST_FILE = YES;
				MARKETING_VERSION = 1.0;
				PRODUCT_BUNDLE_IDENTIFIER = com.recursivepenguin.Cappy3dsUITests;
				PRODUCT_NAME = "$(TARGET_NAME)";
				SWIFT_EMIT_LOC_STRINGS = NO;
				SWIFT_VERSION = 5.0;
				TEST_TARGET_NAME = Cappy3ds;
			};
			name = Release;
		};
/* End XCBuildConfiguration section */

/* Begin XCConfigurationList section */
		670A0A752AC14FED00E03E0D /* Build configuration list for PBXProject "Cappy3ds" */ = {
			isa = XCConfigurationList;
			buildConfigurations = (
				670A0A9D2AC14FEE00E03E0D /* Debug */,
				670A0A9E2AC14FEE00E03E0D /* Release */,
			);
			defaultConfigurationIsVisible = 0;
			defaultConfigurationName = Release;
		};
		670A0A9F2AC14FEE00E03E0D /* Build configuration list for PBXNativeTarget "Cappy3ds" */ = {
			isa = XCConfigurationList;
			buildConfigurations = (
				670A0AA02AC14FEE00E03E0D /* Debug */,
				670A0AA12AC14FEE00E03E0D /* Release */,
			);
			defaultConfigurationIsVisible = 0;
			defaultConfigurationName = Release;
		};
		670A0AA22AC14FEE00E03E0D /* Build configuration list for PBXNativeTarget "Cappy3dsTests" */ = {
			isa = XCConfigurationList;
			buildConfigurations = (
				670A0AA32AC14FEE00E03E0D /* Debug */,
				670A0AA42AC14FEE00E03E0D /* Release */,
			);
			defaultConfigurationIsVisible = 0;
			defaultConfigurationName = Release;
		};
		670A0AA52AC14FEE00E03E0D /* Build configuration list for PBXNativeTarget "Cappy3dsUITests" */ = {
			isa = XCConfigurationList;
			buildConfigurations = (
				670A0AA62AC14FEE00E03E0D /* Debug */,
				670A0AA72AC14FEE00E03E0D /* Release */,
			);
			defaultConfigurationIsVisible = 0;
			defaultConfigurationName = Release;
		};
/* End XCConfigurationList section */
	};
	rootObject = 670A0A722AC14FED00E03E0D /* Project object */;
}
